core:changelogs:
  - content: "---\npackages:\n  npm:tegami:\n    type: patch\n---\n\n### Fix CLI parsing for options without short flags\n\nRelease preview workflows failed when passing `--artifact` because Node's argument parser rejects `short: undefined`.\n"
    filename: 2026-06-29-cli-artifact-fix.md
    v: 0.0.0
  - content: "---\npackages:\n  npm:tegami:\n    type: patch\n---\n\n## Strict checks for Git tags\n\nHandle concurrent runs & without `git pull`.\n"
    filename: 2026-06-29-mqzdjsbe.md
    v: 0.0.0
  - content: "---\npackages:\n  npm:tegami:\n    type: patch\n---\n\n## Support `no-checks` option in `version` command\n\nAllows to skip publish plan status checks.\n"
    filename: 2026-06-29-mqze0dsn.md
    v: 0.0.0
  - content: "---\npackages:\n  npm:tegami:\n    type: minor\n---\n\n### Add pip plugin\n\nTegami now includes an opt-in pip plugin at `tegami/plugins/pip` for Python monorepos. It discovers packages from `pyproject.toml`, supports uv workspaces, bumps dependency ranges, runs `uv lock` after versioning, and publishes to PyPI with `uv publish`.\n"
    filename: 2026-06-29-pipplugin.md
    v: 0.0.0
core:packages:
  - id: npm:root
    updated: false
  - id: npm:docs
    updated: false
  - changelogIds:
      - 2026-06-29-cli-artifact-fix.md
      - 2026-06-29-mqzdjsbe.md
      - 2026-06-29-mqze0dsn.md
      - 2026-06-29-pipplugin.md
    id: npm:tegami
    updated: true
  - id: npm:@tegami/pip
    updated: true
  - id: npm:@repo/typescript-config
    updated: false
npm:packages:
  - id: npm:root
  - id: npm:docs
  - distTag: beta
    id: npm:tegami
  - id: npm:@tegami/pip
  - id: npm:@repo/typescript-config
